{
	"name": "rabbitmq-lib",
	"version": "2.0.0",
	"lockfileVersion": 1,
	"requires": true,
	"dependencies": {
		"amqplib": {
			"version": "0.5.1",
			"resolved": "https://registry.npmjs.org/amqplib/-/amqplib-0.5.1.tgz",
			"integrity": "sha1-fMz+ur5WwumE6noiQ/fO/m+/xs8=",
			"requires": {
				"bitsyntax": "~0.0.4",
				"bluebird": "^3.4.6",
				"buffer-more-ints": "0.0.2",
				"readable-stream": "1.x >=1.1.9"
			}
		},
		"bitsyntax": {
			"version": "0.0.4",
			"resolved": "https://registry.npmjs.org/bitsyntax/-/bitsyntax-0.0.4.tgz",
			"integrity": "sha1-6xDMb4K4xJDj6FaY8H6D1G4MuoI=",
			"requires": {
				"buffer-more-ints": "0.0.2"
			}
		},
		"bluebird": {
			"version": "3.5.0",
			"resolved": "https://registry.npmjs.org/bluebird/-/bluebird-3.5.0.tgz",
			"integrity": "sha1-eRQg1/VR7qKJdFOop3ZT+WYG1nw="
		},
		"buffer-more-ints": {
			"version": "0.0.2",
			"resolved": "https://registry.npmjs.org/buffer-more-ints/-/buffer-more-ints-0.0.2.tgz",
			"integrity": "sha1-JrOIXRD6E9t/wBquOquHAZngEkw="
		},
		"core-util-is": {
			"version": "1.0.2",
			"resolved": "https://registry.npmjs.org/core-util-is/-/core-util-is-1.0.2.tgz",
			"integrity": "sha1-tf1UIgqivFq1eqtxQMlAdUUDwac="
		},
		"inherits": {
			"version": "2.0.3",
			"resolved": "https://registry.npmjs.org/inherits/-/inherits-2.0.3.tgz",
			"integrity": "sha1-Yzwsg+PaQqUC9SRmAiSA9CCCYd4="
		},
		"isarray": {
			"version": "0.0.1",
			"resolved": "https://registry.npmjs.org/isarray/-/isarray-0.0.1.tgz",
			"integrity": "sha1-ihis/Kmo9Bd+Cav8YDiTmwXR7t8="
		},
		"mixin": {
			"version": "0.2.0",
			"resolved": "https://registry.npmjs.org/mixin/-/mixin-0.2.0.tgz",
			"integrity": "sha1-+52z0xF1utsKGZ3UqtZkdhR7fZM="
		},
		"q": {
			"version": "1.5.0",
			"resolved": "https://registry.npmjs.org/q/-/q-1.5.0.tgz",
			"integrity": "sha1-3QG6ydBtMObyGa7LglPunr3DCPE="
		},
		"readable-stream": {
			"version": "1.1.14",
			"resolved": "https://registry.npmjs.org/readable-stream/-/readable-stream-1.1.14.tgz",
			"integrity": "sha1-fPTFTvZI44EwhMY23SB54WbAgdk=",
			"requires": {
				"core-util-is": "~1.0.0",
				"inherits": "~2.0.1",
				"isarray": "0.0.1",
				"string_decoder": "~0.10.x"
			}
		},
		"should": {
			"version": "11.2.1",
			"resolved": "https://registry.npmjs.org/should/-/should-11.2.1.tgz",
			"integrity": "sha1-kPVRRVUtAc/CAGZuToGKHJZw7aI=",
			"dev": true,
			"requires": {
				"should-equal": "^1.0.0",
				"should-format": "^3.0.2",
				"should-type": "^1.4.0",
				"should-type-adaptors": "^1.0.1",
				"should-util": "^1.0.0"
			}
		},
		"should-equal": {
			"version": "1.0.1",
			"resolved": "https://registry.npmjs.org/should-equal/-/should-equal-1.0.1.tgz",
			"integrity": "sha1-C26VFvJgGp+wuy3MNpr6HH4gCvc=",
			"dev": true,
			"requires": {
				"should-type": "^1.0.0"
			}
		},
		"should-format": {
			"version": "3.0.3",
			"resolved": "https://registry.npmjs.org/should-format/-/should-format-3.0.3.tgz",
			"integrity": "sha1-m/yPdPo5IFxT04w01xcwPidxJPE=",
			"dev": true,
			"requires": {
				"should-type": "^1.3.0",
				"should-type-adaptors": "^1.0.1"
			}
		},
		"should-type": {
			"version": "1.4.0",
			"resolved": "https://registry.npmjs.org/should-type/-/should-type-1.4.0.tgz",
			"integrity": "sha1-B1bYzoRt/QmEOmlHcZ36DUz/XPM=",
			"dev": true
		},
		"should-type-adaptors": {
			"version": "1.0.1",
			"resolved": "https://registry.npmjs.org/should-type-adaptors/-/should-type-adaptors-1.0.1.tgz",
			"integrity": "sha1-7+VVPN9oz/ZuXF9RtxLcNRx3vqo=",
			"dev": true,
			"requires": {
				"should-type": "^1.3.0",
				"should-util": "^1.0.0"
			}
		},
		"should-util": {
			"version": "1.0.0",
			"resolved": "https://registry.npmjs.org/should-util/-/should-util-1.0.0.tgz",
			"integrity": "sha1-yYzaN0qmsZDfi6h8mInCtNtiAGM=",
			"dev": true
		},
		"string_decoder": {
			"version": "0.10.31",
			"resolved": "https://registry.npmjs.org/string_decoder/-/string_decoder-0.10.31.tgz",
			"integrity": "sha1-YuIDvEF2bGwoyfyEMB2rHFMQ+pQ="
		},
		"uuid": {
			"version": "3.1.0",
			"resolved": "https://registry.npmjs.org/uuid/-/uuid-3.1.0.tgz",
			"integrity": "sha1-PdPT55Crwk17DToDT/q6vijrvAQ="
		}
	}
}
